
Microsoft Visual Studio Solution File, Format Version 12.00
# Visual Studio Version 16
VisualStudioVersion = 16.0.30611.23
MinimumVisualStudioVersion = 10.0.40219.1
Project("{FAE04EC0-301F-11D3-BF4B-00C04F79EFBC}") = "Presentation", "Presentation.csproj", "{56A62440-0BCB-4B78-8370-AC552CDD3722}"
EndProject
Project("{FAE04EC0-301F-11D3-BF4B-00C04F79EFBC}") = "DataLayer", "DataLayer\DataLayer.csproj", "{597A583A-E03D-4F8B-815F-4506DB8BA30A}"
EndProject
Project("{FAE04EC0-301F-11D3-BF4B-00C04F79EFBC}") = "MiddleLayer", "MiddleLayer\MiddleLayer.csproj", "{FFB26844-B003-4FC0-BCF9-7B12C3F9D683}"
EndProject
Global
	GlobalSection(SolutionConfigurationPlatforms) = preSolution
		Debug|Any CPU = Debug|Any CPU
		Release|Any CPU = Release|Any CPU
	EndGlobalSection
	GlobalSection(ProjectConfigurationPlatforms) = postSolution
		{56A62440-0BCB-4B78-8370-AC552CDD3722}.Debug|Any CPU.ActiveCfg = Debug|Any CPU
		{56A62440-0BCB-4B78-8370-AC552CDD3722}.Debug|Any CPU.Build.0 = Debug|Any CPU
		{56A62440-0BCB-4B78-8370-AC552CDD3722}.Release|Any CPU.ActiveCfg = Release|Any CPU
		{56A62440-0BCB-4B78-8370-AC552CDD3722}.Release|Any CPU.Build.0 = Release|Any CPU
		{597A583A-E03D-4F8B-815F-4506DB8BA30A}.Debug|Any CPU.ActiveCfg = Debug|Any CPU
		{597A583A-E03D-4F8B-815F-4506DB8BA30A}.Debug|Any CPU.Build.0 = Debug|Any CPU
		{597A583A-E03D-4F8B-815F-4506DB8BA30A}.Release|Any CPU.ActiveCfg = Release|Any CPU
		{597A583A-E03D-4F8B-815F-4506DB8BA30A}.Release|Any CPU.Build.0 = Release|Any CPU
		{FFB26844-B003-4FC0-BCF9-7B12C3F9D683}.Debug|Any CPU.ActiveCfg = Debug|Any CPU
		{FFB26844-B003-4FC0-BCF9-7B12C3F9D683}.Debug|Any CPU.Build.0 = Debug|Any CPU
		{FFB26844-B003-4FC0-BCF9-7B12C3F9D683}.Release|Any CPU.ActiveCfg = Release|Any CPU
		{FFB26844-B003-4FC0-BCF9-7B12C3F9D683}.Release|Any CPU.Build.0 = Release|Any CPU
	EndGlobalSection
	GlobalSection(SolutionProperties) = preSolution
		HideSolutionNode = FALSE
	EndGlobalSection
	GlobalSection(ExtensibilityGlobals) = postSolution
		SolutionGuid = {FF3C2680-4138-4257-82C1-2D4B45349876}
	EndGlobalSection
EndGlobal
